
Microsoft Visual Studio Solution File, Format Version 12.00
# Visual Studio Version 17
VisualStudioVersion = 17.0.31903.59
MinimumVisualStudioVersion = 10.0.40219.1
Project("{2150E333-8FDC-42A3-9474-1A3956D46DE8}") = "src", "src", "{827E0CD3-B72D-47B6-A68D-7590B98EB39B}"
EndProject
Project("{2150E333-8FDC-42A3-9474-1A3956D46DE8}") = "Domain", "Domain", "{8B290487-4C16-E85E-E807-F579CBE9FC4D}"
EndProject
Project("{FAE04EC0-301F-11D3-BF4B-00C04F79EFBC}") = "CleanArchitecture.Domain", "src\Domain\CleanArchitecture.Domain\CleanArchitecture.Domain.csproj", "{68E4D33E-2EBA-4CDD-A4DB-11BA60334167}"
EndProject
Project("{2150E333-8FDC-42A3-9474-1A3956D46DE8}") = "Application", "Application", "{22BAF98C-8415-17C4-B26A-D537657BC863}"
EndProject
Project("{FAE04EC0-301F-11D3-BF4B-00C04F79EFBC}") = "CleanArchitecture.Application", "src\Application\CleanArchitecture.Application\CleanArchitecture.Application.csproj", "{E841508C-0E44-417B-95D3-653C2635B605}"
EndProject
Project("{2150E333-8FDC-42A3-9474-1A3956D46DE8}") = "Infrastructure", "Infrastructure", "{9048EB7F-3875-A59E-E36B-5BD4C6F2A282}"
EndProject
Project("{FAE04EC0-301F-11D3-BF4B-00C04F79EFBC}") = "CleanArchitecture.Infrastructure", "src\Infrastructure\CleanArchitecture.Infrastructure\CleanArchitecture.Infrastructure.csproj", "{9B08634D-9F71-45C6-8594-75F9F5D258EE}"
EndProject
Project("{2150E333-8FDC-42A3-9474-1A3956D46DE8}") = "Presentation", "Presentation", "{6996BBF7-DB31-59BC-C7DD-9A7CCC6138C4}"
EndProject
Project("{FAE04EC0-301F-11D3-BF4B-00C04F79EFBC}") = "CleanArchitecture.API", "src\Presentation\CleanArchitecture.API\CleanArchitecture.API.csproj", "{ABD70B64-2E98-49D8-A6A0-A06963299B6B}"
EndProject
Global
	GlobalSection(SolutionConfigurationPlatforms) = preSolution
		Debug|Any CPU = Debug|Any CPU
		Debug|x64 = Debug|x64
		Debug|x86 = Debug|x86
		Release|Any CPU = Release|Any CPU
		Release|x64 = Release|x64
		Release|x86 = Release|x86
	EndGlobalSection
	GlobalSection(ProjectConfigurationPlatforms) = postSolution
		{68E4D33E-2EBA-4CDD-A4DB-11BA60334167}.Debug|Any CPU.ActiveCfg = Debug|Any CPU
		{68E4D33E-2EBA-4CDD-A4DB-11BA60334167}.Debug|Any CPU.Build.0 = Debug|Any CPU
		{68E4D33E-2EBA-4CDD-A4DB-11BA60334167}.Debug|x64.ActiveCfg = Debug|Any CPU
		{68E4D33E-2EBA-4CDD-A4DB-11BA60334167}.Debug|x64.Build.0 = Debug|Any CPU
		{68E4D33E-2EBA-4CDD-A4DB-11BA60334167}.Debug|x86.ActiveCfg = Debug|Any CPU
		{68E4D33E-2EBA-4CDD-A4DB-11BA60334167}.Debug|x86.Build.0 = Debug|Any CPU
		{68E4D33E-2EBA-4CDD-A4DB-11BA60334167}.Release|Any CPU.ActiveCfg = Release|Any CPU
		{68E4D33E-2EBA-4CDD-A4DB-11BA60334167}.Release|Any CPU.Build.0 = Release|Any CPU
		{68E4D33E-2EBA-4CDD-A4DB-11BA60334167}.Release|x64.ActiveCfg = Release|Any CPU
		{68E4D33E-2EBA-4CDD-A4DB-11BA60334167}.Release|x64.Build.0 = Release|Any CPU
		{68E4D33E-2EBA-4CDD-A4DB-11BA60334167}.Release|x86.ActiveCfg = Release|Any CPU
		{68E4D33E-2EBA-4CDD-A4DB-11BA60334167}.Release|x86.Build.0 = Release|Any CPU
		{E841508C-0E44-417B-95D3-653C2635B605}.Debug|Any CPU.ActiveCfg = Debug|Any CPU
		{E841508C-0E44-417B-95D3-653C2635B605}.Debug|Any CPU.Build.0 = Debug|Any CPU
		{E841508C-0E44-417B-95D3-653C2635B605}.Debug|x64.ActiveCfg = Debug|Any CPU
		{E841508C-0E44-417B-95D3-653C2635B605}.Debug|x64.Build.0 = Debug|Any CPU
		{E841508C-0E44-417B-95D3-653C2635B605}.Debug|x86.ActiveCfg = Debug|Any CPU
		{E841508C-0E44-417B-95D3-653C2635B605}.Debug|x86.Build.0 = Debug|Any CPU
		{E841508C-0E44-417B-95D3-653C2635B605}.Release|Any CPU.ActiveCfg = Release|Any CPU
		{E841508C-0E44-417B-95D3-653C2635B605}.Release|Any CPU.Build.0 = Release|Any CPU
		{E841508C-0E44-417B-95D3-653C2635B605}.Release|x64.ActiveCfg = Release|Any CPU
		{E841508C-0E44-417B-95D3-653C2635B605}.Release|x64.Build.0 = Release|Any CPU
		{E841508C-0E44-417B-95D3-653C2635B605}.Release|x86.ActiveCfg = Release|Any CPU
		{E841508C-0E44-417B-95D3-653C2635B605}.Release|x86.Build.0 = Release|Any CPU
		{9B08634D-9F71-45C6-8594-75F9F5D258EE}.Debug|Any CPU.ActiveCfg = Debug|Any CPU
		{9B08634D-9F71-45C6-8594-75F9F5D258EE}.Debug|Any CPU.Build.0 = Debug|Any CPU
		{9B08634D-9F71-45C6-8594-75F9F5D258EE}.Debug|x64.ActiveCfg = Debug|Any CPU
		{9B08634D-9F71-45C6-8594-75F9F5D258EE}.Debug|x64.Build.0 = Debug|Any CPU
		{9B08634D-9F71-45C6-8594-75F9F5D258EE}.Debug|x86.ActiveCfg = Debug|Any CPU
		{9B08634D-9F71-45C6-8594-75F9F5D258EE}.Debug|x86.Build.0 = Debug|Any CPU
		{9B08634D-9F71-45C6-8594-75F9F5D258EE}.Release|Any CPU.ActiveCfg = Release|Any CPU
		{9B08634D-9F71-45C6-8594-75F9F5D258EE}.Release|Any CPU.Build.0 = Release|Any CPU
		{9B08634D-9F71-45C6-8594-75F9F5D258EE}.Release|x64.ActiveCfg = Release|Any CPU
		{9B08634D-9F71-45C6-8594-75F9F5D258EE}.Release|x64.Build.0 = Release|Any CPU
		{9B08634D-9F71-45C6-8594-75F9F5D258EE}.Release|x86.ActiveCfg = Release|Any CPU
		{9B08634D-9F71-45C6-8594-75F9F5D258EE}.Release|x86.Build.0 = Release|Any CPU
		{ABD70B64-2E98-49D8-A6A0-A06963299B6B}.Debug|Any CPU.ActiveCfg = Debug|Any CPU
		{ABD70B64-2E98-49D8-A6A0-A06963299B6B}.Debug|Any CPU.Build.0 = Debug|Any CPU
		{ABD70B64-2E98-49D8-A6A0-A06963299B6B}.Debug|x64.ActiveCfg = Debug|Any CPU
		{ABD70B64-2E98-49D8-A6A0-A06963299B6B}.Debug|x64.Build.0 = Debug|Any CPU
		{ABD70B64-2E98-49D8-A6A0-A06963299B6B}.Debug|x86.ActiveCfg = Debug|Any CPU
		{ABD70B64-2E98-49D8-A6A0-A06963299B6B}.Debug|x86.Build.0 = Debug|Any CPU
		{ABD70B64-2E98-49D8-A6A0-A06963299B6B}.Release|Any CPU.ActiveCfg = Release|Any CPU
		{ABD70B64-2E98-49D8-A6A0-A06963299B6B}.Release|Any CPU.Build.0 = Release|Any CPU
		{ABD70B64-2E98-49D8-A6A0-A06963299B6B}.Release|x64.ActiveCfg = Release|Any CPU
		{ABD70B64-2E98-49D8-A6A0-A06963299B6B}.Release|x64.Build.0 = Release|Any CPU
		{ABD70B64-2E98-49D8-A6A0-A06963299B6B}.Release|x86.ActiveCfg = Release|Any CPU
		{ABD70B64-2E98-49D8-A6A0-A06963299B6B}.Release|x86.Build.0 = Release|Any CPU
	EndGlobalSection
	GlobalSection(SolutionProperties) = preSolution
		HideSolutionNode = FALSE
	EndGlobalSection
	GlobalSection(NestedProjects) = preSolution
		{8B290487-4C16-E85E-E807-F579CBE9FC4D} = {827E0CD3-B72D-47B6-A68D-7590B98EB39B}
		{68E4D33E-2EBA-4CDD-A4DB-11BA60334167} = {8B290487-4C16-E85E-E807-F579CBE9FC4D}
		{22BAF98C-8415-17C4-B26A-D537657BC863} = {827E0CD3-B72D-47B6-A68D-7590B98EB39B}
		{E841508C-0E44-417B-95D3-653C2635B605} = {22BAF98C-8415-17C4-B26A-D537657BC863}
		{9048EB7F-3875-A59E-E36B-5BD4C6F2A282} = {827E0CD3-B72D-47B6-A68D-7590B98EB39B}
		{9B08634D-9F71-45C6-8594-75F9F5D258EE} = {9048EB7F-3875-A59E-E36B-5BD4C6F2A282}
		{6996BBF7-DB31-59BC-C7DD-9A7CCC6138C4} = {827E0CD3-B72D-47B6-A68D-7590B98EB39B}
		{ABD70B64-2E98-49D8-A6A0-A06963299B6B} = {6996BBF7-DB31-59BC-C7DD-9A7CCC6138C4}
	EndGlobalSection
EndGlobal
